
Microsoft Visual Studio Solution File, Format Version 12.00
# Visual Studio 15
VisualStudioVersion = 15.0.28307.1401
MinimumVisualStudioVersion = 10.0.40219.1
Project("{FAE04EC0-301F-11D3-BF4B-00C04F79EFBC}") = "Aplicación 3", "Aplicación 3\Aplicación 3.csproj", "{0D20BB22-4335-4953-A1F2-721AD956BA88}"
EndProject
Global
	GlobalSection(SolutionConfigurationPlatforms) = preSolution
		Debug|Any CPU = Debug|Any CPU
		Release|Any CPU = Release|Any CPU
	EndGlobalSection
	GlobalSection(ProjectConfigurationPlatforms) = postSolution
		{0D20BB22-4335-4953-A1F2-721AD956BA88}.Debug|Any CPU.ActiveCfg = Debug|Any CPU
		{0D20BB22-4335-4953-A1F2-721AD956BA88}.Debug|Any CPU.Build.0 = Debug|Any CPU
		{0D20BB22-4335-4953-A1F2-721AD956BA88}.Release|Any CPU.ActiveCfg = Release|Any CPU
		{0D20BB22-4335-4953-A1F2-721AD956BA88}.Release|Any CPU.Build.0 = Release|Any CPU
	EndGlobalSection
	GlobalSection(SolutionProperties) = preSolution
		HideSolutionNode = FALSE
	EndGlobalSection
	GlobalSection(ExtensibilityGlobals) = postSolution
		SolutionGuid = {1F73FA4F-5FAA-40BD-A98A-F6CF144CD954}
	EndGlobalSection
EndGlobal
