
Microsoft Visual Studio Solution File, Format Version 12.00
# Visual Studio 15
VisualStudioVersion = 15.0.28307.1401
MinimumVisualStudioVersion = 10.0.40219.1
Project("{FAE04EC0-301F-11D3-BF4B-00C04F79EFBC}") = "App 1 Stephanie", "App 1 Stephanie\App 1 Stephanie.csproj", "{A04B7948-DEE2-48A4-B4A6-5B06C8C8A903}"
EndProject
Global
	GlobalSection(SolutionConfigurationPlatforms) = preSolution
		Debug|Any CPU = Debug|Any CPU
		Release|Any CPU = Release|Any CPU
	EndGlobalSection
	GlobalSection(ProjectConfigurationPlatforms) = postSolution
		{A04B7948-DEE2-48A4-B4A6-5B06C8C8A903}.Debug|Any CPU.ActiveCfg = Debug|Any CPU
		{A04B7948-DEE2-48A4-B4A6-5B06C8C8A903}.Debug|Any CPU.Build.0 = Debug|Any CPU
		{A04B7948-DEE2-48A4-B4A6-5B06C8C8A903}.Release|Any CPU.ActiveCfg = Release|Any CPU
		{A04B7948-DEE2-48A4-B4A6-5B06C8C8A903}.Release|Any CPU.Build.0 = Release|Any CPU
	EndGlobalSection
	GlobalSection(SolutionProperties) = preSolution
		HideSolutionNode = FALSE
	EndGlobalSection
	GlobalSection(ExtensibilityGlobals) = postSolution
		SolutionGuid = {43AD09F8-7FA2-499C-93B3-1D6FF99EBC81}
	EndGlobalSection
EndGlobal
